
Microsoft Visual Studio Solution File, Format Version 12.00
# Visual Studio 15
VisualStudioVersion = 15.0.27130.2024
MinimumVisualStudioVersion = 10.0.40219.1
Project("{FAE04EC0-301F-11D3-BF4B-00C04F79EFBC}") = "Algoritmos.Core", "Algoritmos.Core\Algoritmos.Core.csproj", "{19FE456E-C6E3-4803-8A5B-31AE60A44F4F}"
EndProject
Project("{FAE04EC0-301F-11D3-BF4B-00C04F79EFBC}") = "Algoritmos.Core.Tests", "Algoritmos.Core.Tests\Algoritmos.Core.Tests.csproj", "{700F26EC-A2A2-438A-98B1-7F5A031F4D71}"
EndProject
Global
	GlobalSection(SolutionConfigurationPlatforms) = preSolution
		Debug|Any CPU = Debug|Any CPU
		Release|Any CPU = Release|Any CPU
	EndGlobalSection
	GlobalSection(ProjectConfigurationPlatforms) = postSolution
		{19FE456E-C6E3-4803-8A5B-31AE60A44F4F}.Debug|Any CPU.ActiveCfg = Debug|Any CPU
		{19FE456E-C6E3-4803-8A5B-31AE60A44F4F}.Debug|Any CPU.Build.0 = Debug|Any CPU
		{19FE456E-C6E3-4803-8A5B-31AE60A44F4F}.Release|Any CPU.ActiveCfg = Release|Any CPU
		{19FE456E-C6E3-4803-8A5B-31AE60A44F4F}.Release|Any CPU.Build.0 = Release|Any CPU
		{700F26EC-A2A2-438A-98B1-7F5A031F4D71}.Debug|Any CPU.ActiveCfg = Debug|Any CPU
		{700F26EC-A2A2-438A-98B1-7F5A031F4D71}.Debug|Any CPU.Build.0 = Debug|Any CPU
		{700F26EC-A2A2-438A-98B1-7F5A031F4D71}.Release|Any CPU.ActiveCfg = Release|Any CPU
		{700F26EC-A2A2-438A-98B1-7F5A031F4D71}.Release|Any CPU.Build.0 = Release|Any CPU
	EndGlobalSection
	GlobalSection(SolutionProperties) = preSolution
		HideSolutionNode = FALSE
	EndGlobalSection
	GlobalSection(ExtensibilityGlobals) = postSolution
		SolutionGuid = {FEF01035-2C6C-4BBA-9B4A-207ABD801829}
	EndGlobalSection
EndGlobal
